
Microsoft Visual Studio Solution File, Format Version 12.00
# Visual Studio Version 17
VisualStudioVersion = 17.3.32929.385
MinimumVisualStudioVersion = 10.0.40219.1
Project("{9A19103F-16F7-4668-BE54-9A1E7A4F7556}") = "ThesisApp.API", "ThesisApp.API\ThesisApp.API.csproj", "{D9C5F567-7302-42FA-9B7E-50D042E478DC}"
EndProject
Project("{888888A0-9F3D-457C-B088-3A5042F75D52}") = "FaceRecognition.API", "FaceRecognition.API\FaceRecognition.API.pyproj", "{4DF7D5F8-CB81-4AED-A6D5-93199F225A1A}"
EndProject
Project("{2150E333-8FDC-42A3-9474-1A3956D46DE8}") = "Solution Items", "Solution Items", "{04AD206E-A755-48E8-8EB3-0F30F720E565}"
	ProjectSection(SolutionItems) = preProject
		.gitignore = .gitignore
	EndProjectSection
EndProject
Global
	GlobalSection(SolutionConfigurationPlatforms) = preSolution
		Debug|Any CPU = Debug|Any CPU
		Release|Any CPU = Release|Any CPU
	EndGlobalSection
	GlobalSection(ProjectConfigurationPlatforms) = postSolution
		{D9C5F567-7302-42FA-9B7E-50D042E478DC}.Debug|Any CPU.ActiveCfg = Debug|Any CPU
		{D9C5F567-7302-42FA-9B7E-50D042E478DC}.Debug|Any CPU.Build.0 = Debug|Any CPU
		{D9C5F567-7302-42FA-9B7E-50D042E478DC}.Release|Any CPU.ActiveCfg = Release|Any CPU
		{D9C5F567-7302-42FA-9B7E-50D042E478DC}.Release|Any CPU.Build.0 = Release|Any CPU
		{4DF7D5F8-CB81-4AED-A6D5-93199F225A1A}.Debug|Any CPU.ActiveCfg = Debug|Any CPU
		{4DF7D5F8-CB81-4AED-A6D5-93199F225A1A}.Release|Any CPU.ActiveCfg = Release|Any CPU
	EndGlobalSection
	GlobalSection(SolutionProperties) = preSolution
		HideSolutionNode = FALSE
	EndGlobalSection
	GlobalSection(ExtensibilityGlobals) = postSolution
		SolutionGuid = {80E2D219-74BA-450D-9E40-A9CDD8ADC850}
	EndGlobalSection
EndGlobal
