
Microsoft Visual Studio Solution File, Format Version 12.00
# Visual Studio Version 17
VisualStudioVersion = 17.3.32929.385
MinimumVisualStudioVersion = 10.0.40219.1
Project("{FAE04EC0-301F-11D3-BF4B-00C04F79EFBC}") = "ThesisApp.API", "ThesisApp.API\ThesisApp.API.csproj", "{D9C5F567-7302-42FA-9B7E-50D042E478DC}"
EndProject
Global
	GlobalSection(SolutionConfigurationPlatforms) = preSolution
		Debug|Any CPU = Debug|Any CPU
		Release|Any CPU = Release|Any CPU
	EndGlobalSection
	GlobalSection(ProjectConfigurationPlatforms) = postSolution
		{D9C5F567-7302-42FA-9B7E-50D042E478DC}.Debug|Any CPU.ActiveCfg = Debug|Any CPU
		{D9C5F567-7302-42FA-9B7E-50D042E478DC}.Debug|Any CPU.Build.0 = Debug|Any CPU
		{D9C5F567-7302-42FA-9B7E-50D042E478DC}.Release|Any CPU.ActiveCfg = Release|Any CPU
		{D9C5F567-7302-42FA-9B7E-50D042E478DC}.Release|Any CPU.Build.0 = Release|Any CPU
	EndGlobalSection
	GlobalSection(SolutionProperties) = preSolution
		HideSolutionNode = FALSE
	EndGlobalSection
	GlobalSection(ExtensibilityGlobals) = postSolution
		SolutionGuid = {80E2D219-74BA-450D-9E40-A9CDD8ADC850}
	EndGlobalSection
EndGlobal
